
Microsoft Visual Studio Solution File, Format Version 12.00
# Visual Studio Version 17
VisualStudioVersion = 17.5.002.0
MinimumVisualStudioVersion = 10.0.40219.1
Project("{9A19103F-16F7-4668-BE54-9A1E7A4F7556}") = "Library.Tests", "Library.Tests.csproj", "{5859655D-5D22-41C7-8817-B1203E616687}"
EndProject
Global
	GlobalSection(SolutionConfigurationPlatforms) = preSolution
		Debug|Any CPU = Debug|Any CPU
		Release|Any CPU = Release|Any CPU
	EndGlobalSection
	GlobalSection(ProjectConfigurationPlatforms) = postSolution
		{5859655D-5D22-41C7-8817-B1203E616687}.Debug|Any CPU.ActiveCfg = Debug|Any CPU
		{5859655D-5D22-41C7-8817-B1203E616687}.Debug|Any CPU.Build.0 = Debug|Any CPU
		{5859655D-5D22-41C7-8817-B1203E616687}.Release|Any CPU.ActiveCfg = Release|Any CPU
		{5859655D-5D22-41C7-8817-B1203E616687}.Release|Any CPU.Build.0 = Release|Any CPU
	EndGlobalSection
	GlobalSection(SolutionProperties) = preSolution
		HideSolutionNode = FALSE
	EndGlobalSection
	GlobalSection(ExtensibilityGlobals) = postSolution
		SolutionGuid = {F079FF02-B51E-4BA3-8E0C-DC29B21430E4}
	EndGlobalSection
EndGlobal
